
Microsoft Visual Studio Solution File, Format Version 12.00
# Visual Studio Version 16
VisualStudioVersion = 16.0.31105.61
MinimumVisualStudioVersion = 10.0.40219.1
Project("{FAE04EC0-301F-11D3-BF4B-00C04F79EFBC}") = "personelKayit", "personelKayit\personelKayit.csproj", "{BE20A5E1-CC0C-4A58-BC7D-D7C41A361F0A}"
EndProject
Global
	GlobalSection(SolutionConfigurationPlatforms) = preSolution
		Debug|Any CPU = Debug|Any CPU
		Release|Any CPU = Release|Any CPU
	EndGlobalSection
	GlobalSection(ProjectConfigurationPlatforms) = postSolution
		{BE20A5E1-CC0C-4A58-BC7D-D7C41A361F0A}.Debug|Any CPU.ActiveCfg = Debug|Any CPU
		{BE20A5E1-CC0C-4A58-BC7D-D7C41A361F0A}.Debug|Any CPU.Build.0 = Debug|Any CPU
		{BE20A5E1-CC0C-4A58-BC7D-D7C41A361F0A}.Release|Any CPU.ActiveCfg = Release|Any CPU
		{BE20A5E1-CC0C-4A58-BC7D-D7C41A361F0A}.Release|Any CPU.Build.0 = Release|Any CPU
	EndGlobalSection
	GlobalSection(SolutionProperties) = preSolution
		HideSolutionNode = FALSE
	EndGlobalSection
	GlobalSection(ExtensibilityGlobals) = postSolution
		SolutionGuid = {117A92A3-AED0-439F-A600-84ACC7E8E67E}
	EndGlobalSection
EndGlobal
