
Microsoft Visual Studio Solution File, Format Version 12.00
# Visual Studio Version 16
VisualStudioVersion = 16.0.31005.135
MinimumVisualStudioVersion = 10.0.40219.1
Project("{FAE04EC0-301F-11D3-BF4B-00C04F79EFBC}") = "Diziler", "Diziler\Diziler.csproj", "{19FF29EE-7FDA-4036-83CC-A5E94EA59804}"
EndProject
Global
	GlobalSection(SolutionConfigurationPlatforms) = preSolution
		Debug|Any CPU = Debug|Any CPU
		Release|Any CPU = Release|Any CPU
	EndGlobalSection
	GlobalSection(ProjectConfigurationPlatforms) = postSolution
		{19FF29EE-7FDA-4036-83CC-A5E94EA59804}.Debug|Any CPU.ActiveCfg = Debug|Any CPU
		{19FF29EE-7FDA-4036-83CC-A5E94EA59804}.Debug|Any CPU.Build.0 = Debug|Any CPU
		{19FF29EE-7FDA-4036-83CC-A5E94EA59804}.Release|Any CPU.ActiveCfg = Release|Any CPU
		{19FF29EE-7FDA-4036-83CC-A5E94EA59804}.Release|Any CPU.Build.0 = Release|Any CPU
	EndGlobalSection
	GlobalSection(SolutionProperties) = preSolution
		HideSolutionNode = FALSE
	EndGlobalSection
	GlobalSection(ExtensibilityGlobals) = postSolution
		SolutionGuid = {82001871-98A5-400F-BA83-4A3A8FB9854F}
	EndGlobalSection
EndGlobal
